{
  "name": "ubuntukr",
  "version": "0.1.0",
  "lockfileVersion": 2,
  "requires": true,
  "packages": {
    "": {
      "name": "ubuntukr",
      "version": "0.1.0",
      "dependencies": {
        "vanilla-framework": "^3.15.1"
      }
    },
    "node_modules/vanilla-framework": {
      "version": "3.15.1",
      "resolved": "https://registry.npmjs.org/vanilla-framework/-/vanilla-framework-3.15.1.tgz",
      "integrity": "sha512-wOHprZ01HyMByojT2RlhLL18Jq8P4U7wIfkMIH0fwjbR4HR6rbhaCbh1zh9Fkot+KBdgNQGTgqWw52liDtHmNA=="
    }
  },
  "dependencies": {
    "vanilla-framework": {
      "version": "3.15.1",
      "resolved": "https://registry.npmjs.org/vanilla-framework/-/vanilla-framework-3.15.1.tgz",
      "integrity": "sha512-wOHprZ01HyMByojT2RlhLL18Jq8P4U7wIfkMIH0fwjbR4HR6rbhaCbh1zh9Fkot+KBdgNQGTgqWw52liDtHmNA=="
    }
  }
}
